
Microsoft Visual Studio Solution File, Format Version 12.00
# Visual Studio Version 16
VisualStudioVersion = 16.0.29519.181
MinimumVisualStudioVersion = 10.0.40219.1
Project("{FAE04EC0-301F-11D3-BF4B-00C04F79EFBC}") = "WindowsRestAPI", "WindowsRestAPI\WindowsRestAPI.csproj", "{1534AE42-9336-42F6-A6E8-350428D6F3C2}"
EndProject
Project("{C7167F0D-BC9F-4E6E-AFE1-012C56B48DB5}") = "Package", "Package\Package.wapproj", "{AA1C6F87-A8C4-46D8-BE42-938563DAE26A}"
EndProject
Global
	GlobalSection(SolutionConfigurationPlatforms) = preSolution
		AppVeyor|Any CPU = AppVeyor|Any CPU
		AppVeyor|ARM = AppVeyor|ARM
		AppVeyor|ARM64 = AppVeyor|ARM64
		AppVeyor|x64 = AppVeyor|x64
		AppVeyor|x86 = AppVeyor|x86
		Beta|Any CPU = Beta|Any CPU
		Beta|ARM = Beta|ARM
		Beta|ARM64 = Beta|ARM64
		Beta|x64 = Beta|x64
		Beta|x86 = Beta|x86
		Debug|Any CPU = Debug|Any CPU
		Debug|ARM = Debug|ARM
		Debug|ARM64 = Debug|ARM64
		Debug|x64 = Debug|x64
		Debug|x86 = Debug|x86
		Release|Any CPU = Release|Any CPU
		Release|ARM = Release|ARM
		Release|ARM64 = Release|ARM64
		Release|x64 = Release|x64
		Release|x86 = Release|x86
	EndGlobalSection
	GlobalSection(ProjectConfigurationPlatforms) = postSolution
		{1534AE42-9336-42F6-A6E8-350428D6F3C2}.AppVeyor|Any CPU.ActiveCfg = Release|Any CPU
		{1534AE42-9336-42F6-A6E8-350428D6F3C2}.AppVeyor|Any CPU.Build.0 = Release|Any CPU
		{1534AE42-9336-42F6-A6E8-350428D6F3C2}.AppVeyor|ARM.ActiveCfg = Debug|Any CPU
		{1534AE42-9336-42F6-A6E8-350428D6F3C2}.AppVeyor|ARM.Build.0 = Debug|Any CPU
		{1534AE42-9336-42F6-A6E8-350428D6F3C2}.AppVeyor|ARM64.ActiveCfg = Debug|Any CPU
		{1534AE42-9336-42F6-A6E8-350428D6F3C2}.AppVeyor|ARM64.Build.0 = Debug|Any CPU
		{1534AE42-9336-42F6-A6E8-350428D6F3C2}.AppVeyor|x64.ActiveCfg = Release|Any CPU
		{1534AE42-9336-42F6-A6E8-350428D6F3C2}.AppVeyor|x64.Build.0 = Release|Any CPU
		{1534AE42-9336-42F6-A6E8-350428D6F3C2}.AppVeyor|x86.ActiveCfg = Release|Any CPU
		{1534AE42-9336-42F6-A6E8-350428D6F3C2}.AppVeyor|x86.Build.0 = Release|Any CPU
		{1534AE42-9336-42F6-A6E8-350428D6F3C2}.Beta|Any CPU.ActiveCfg = Release|Any CPU
		{1534AE42-9336-42F6-A6E8-350428D6F3C2}.Beta|Any CPU.Build.0 = Release|Any CPU
		{1534AE42-9336-42F6-A6E8-350428D6F3C2}.Beta|ARM.ActiveCfg = Debug|Any CPU
		{1534AE42-9336-42F6-A6E8-350428D6F3C2}.Beta|ARM.Build.0 = Debug|Any CPU
		{1534AE42-9336-42F6-A6E8-350428D6F3C2}.Beta|ARM64.ActiveCfg = Debug|Any CPU
		{1534AE42-9336-42F6-A6E8-350428D6F3C2}.Beta|ARM64.Build.0 = Debug|Any CPU
		{1534AE42-9336-42F6-A6E8-350428D6F3C2}.Beta|x64.ActiveCfg = Release|Any CPU
		{1534AE42-9336-42F6-A6E8-350428D6F3C2}.Beta|x64.Build.0 = Release|Any CPU
		{1534AE42-9336-42F6-A6E8-350428D6F3C2}.Beta|x86.ActiveCfg = Release|Any CPU
		{1534AE42-9336-42F6-A6E8-350428D6F3C2}.Beta|x86.Build.0 = Release|Any CPU
		{1534AE42-9336-42F6-A6E8-350428D6F3C2}.Debug|Any CPU.ActiveCfg = Debug|Any CPU
		{1534AE42-9336-42F6-A6E8-350428D6F3C2}.Debug|Any CPU.Build.0 = Debug|Any CPU
		{1534AE42-9336-42F6-A6E8-350428D6F3C2}.Debug|ARM.ActiveCfg = Debug|Any CPU
		{1534AE42-9336-42F6-A6E8-350428D6F3C2}.Debug|ARM.Build.0 = Debug|Any CPU
		{1534AE42-9336-42F6-A6E8-350428D6F3C2}.Debug|ARM64.ActiveCfg = Debug|Any CPU
		{1534AE42-9336-42F6-A6E8-350428D6F3C2}.Debug|ARM64.Build.0 = Debug|Any CPU
		{1534AE42-9336-42F6-A6E8-350428D6F3C2}.Debug|x64.ActiveCfg = Debug|x64
		{1534AE42-9336-42F6-A6E8-350428D6F3C2}.Debug|x64.Build.0 = Debug|x64
		{1534AE42-9336-42F6-A6E8-350428D6F3C2}.Debug|x86.ActiveCfg = Debug|Any CPU
		{1534AE42-9336-42F6-A6E8-350428D6F3C2}.Debug|x86.Build.0 = Debug|Any CPU
		{1534AE42-9336-42F6-A6E8-350428D6F3C2}.Release|Any CPU.ActiveCfg = Release|x64
		{1534AE42-9336-42F6-A6E8-350428D6F3C2}.Release|Any CPU.Build.0 = Release|x64
		{1534AE42-9336-42F6-A6E8-350428D6F3C2}.Release|ARM.ActiveCfg = Release|Any CPU
		{1534AE42-9336-42F6-A6E8-350428D6F3C2}.Release|ARM.Build.0 = Release|Any CPU
		{1534AE42-9336-42F6-A6E8-350428D6F3C2}.Release|ARM64.ActiveCfg = Release|Any CPU
		{1534AE42-9336-42F6-A6E8-350428D6F3C2}.Release|ARM64.Build.0 = Release|Any CPU
		{1534AE42-9336-42F6-A6E8-350428D6F3C2}.Release|x64.ActiveCfg = Release|Any CPU
		{1534AE42-9336-42F6-A6E8-350428D6F3C2}.Release|x64.Build.0 = Release|Any CPU
		{1534AE42-9336-42F6-A6E8-350428D6F3C2}.Release|x86.ActiveCfg = Release|Any CPU
		{1534AE42-9336-42F6-A6E8-350428D6F3C2}.Release|x86.Build.0 = Release|Any CPU
		{AA1C6F87-A8C4-46D8-BE42-938563DAE26A}.AppVeyor|Any CPU.ActiveCfg = Release|Any CPU
		{AA1C6F87-A8C4-46D8-BE42-938563DAE26A}.AppVeyor|Any CPU.Build.0 = Release|Any CPU
		{AA1C6F87-A8C4-46D8-BE42-938563DAE26A}.AppVeyor|Any CPU.Deploy.0 = Release|Any CPU
		{AA1C6F87-A8C4-46D8-BE42-938563DAE26A}.AppVeyor|ARM.ActiveCfg = Debug|ARM
		{AA1C6F87-A8C4-46D8-BE42-938563DAE26A}.AppVeyor|ARM.Build.0 = Debug|ARM
		{AA1C6F87-A8C4-46D8-BE42-938563DAE26A}.AppVeyor|ARM.Deploy.0 = Debug|ARM
		{AA1C6F87-A8C4-46D8-BE42-938563DAE26A}.AppVeyor|ARM64.ActiveCfg = Debug|ARM64
		{AA1C6F87-A8C4-46D8-BE42-938563DAE26A}.AppVeyor|ARM64.Build.0 = Debug|ARM64
		{AA1C6F87-A8C4-46D8-BE42-938563DAE26A}.AppVeyor|ARM64.Deploy.0 = Debug|ARM64
		{AA1C6F87-A8C4-46D8-BE42-938563DAE26A}.AppVeyor|x64.ActiveCfg = Debug|x64
		{AA1C6F87-A8C4-46D8-BE42-938563DAE26A}.AppVeyor|x64.Build.0 = Debug|x64
		{AA1C6F87-A8C4-46D8-BE42-938563DAE26A}.AppVeyor|x64.Deploy.0 = Debug|x64
		{AA1C6F87-A8C4-46D8-BE42-938563DAE26A}.AppVeyor|x86.ActiveCfg = Debug|x86
		{AA1C6F87-A8C4-46D8-BE42-938563DAE26A}.AppVeyor|x86.Build.0 = Debug|x86
		{AA1C6F87-A8C4-46D8-BE42-938563DAE26A}.AppVeyor|x86.Deploy.0 = Debug|x86
		{AA1C6F87-A8C4-46D8-BE42-938563DAE26A}.Beta|Any CPU.ActiveCfg = Release|Any CPU
		{AA1C6F87-A8C4-46D8-BE42-938563DAE26A}.Beta|Any CPU.Build.0 = Release|Any CPU
		{AA1C6F87-A8C4-46D8-BE42-938563DAE26A}.Beta|Any CPU.Deploy.0 = Release|Any CPU
		{AA1C6F87-A8C4-46D8-BE42-938563DAE26A}.Beta|ARM.ActiveCfg = Debug|ARM
		{AA1C6F87-A8C4-46D8-BE42-938563DAE26A}.Beta|ARM.Build.0 = Debug|ARM
		{AA1C6F87-A8C4-46D8-BE42-938563DAE26A}.Beta|ARM.Deploy.0 = Debug|ARM
		{AA1C6F87-A8C4-46D8-BE42-938563DAE26A}.Beta|ARM64.ActiveCfg = Debug|ARM64
		{AA1C6F87-A8C4-46D8-BE42-938563DAE26A}.Beta|ARM64.Build.0 = Debug|ARM64
		{AA1C6F87-A8C4-46D8-BE42-938563DAE26A}.Beta|ARM64.Deploy.0 = Debug|ARM64
		{AA1C6F87-A8C4-46D8-BE42-938563DAE26A}.Beta|x64.ActiveCfg = Debug|x64
		{AA1C6F87-A8C4-46D8-BE42-938563DAE26A}.Beta|x64.Build.0 = Debug|x64
		{AA1C6F87-A8C4-46D8-BE42-938563DAE26A}.Beta|x64.Deploy.0 = Debug|x64
		{AA1C6F87-A8C4-46D8-BE42-938563DAE26A}.Beta|x86.ActiveCfg = Debug|x86
		{AA1C6F87-A8C4-46D8-BE42-938563DAE26A}.Beta|x86.Build.0 = Debug|x86
		{AA1C6F87-A8C4-46D8-BE42-938563DAE26A}.Beta|x86.Deploy.0 = Debug|x86
		{AA1C6F87-A8C4-46D8-BE42-938563DAE26A}.Debug|Any CPU.ActiveCfg = Debug|Any CPU
		{AA1C6F87-A8C4-46D8-BE42-938563DAE26A}.Debug|Any CPU.Build.0 = Debug|Any CPU
		{AA1C6F87-A8C4-46D8-BE42-938563DAE26A}.Debug|Any CPU.Deploy.0 = Debug|Any CPU
		{AA1C6F87-A8C4-46D8-BE42-938563DAE26A}.Debug|ARM.ActiveCfg = Debug|ARM
		{AA1C6F87-A8C4-46D8-BE42-938563DAE26A}.Debug|ARM.Build.0 = Debug|ARM
		{AA1C6F87-A8C4-46D8-BE42-938563DAE26A}.Debug|ARM.Deploy.0 = Debug|ARM
		{AA1C6F87-A8C4-46D8-BE42-938563DAE26A}.Debug|ARM64.ActiveCfg = Debug|ARM64
		{AA1C6F87-A8C4-46D8-BE42-938563DAE26A}.Debug|ARM64.Build.0 = Debug|ARM64
		{AA1C6F87-A8C4-46D8-BE42-938563DAE26A}.Debug|ARM64.Deploy.0 = Debug|ARM64
		{AA1C6F87-A8C4-46D8-BE42-938563DAE26A}.Debug|x64.ActiveCfg = Debug|x64
		{AA1C6F87-A8C4-46D8-BE42-938563DAE26A}.Debug|x64.Build.0 = Debug|x64
		{AA1C6F87-A8C4-46D8-BE42-938563DAE26A}.Debug|x64.Deploy.0 = Debug|x64
		{AA1C6F87-A8C4-46D8-BE42-938563DAE26A}.Debug|x86.ActiveCfg = Debug|x86
		{AA1C6F87-A8C4-46D8-BE42-938563DAE26A}.Debug|x86.Build.0 = Debug|x86
		{AA1C6F87-A8C4-46D8-BE42-938563DAE26A}.Debug|x86.Deploy.0 = Debug|x86
		{AA1C6F87-A8C4-46D8-BE42-938563DAE26A}.Release|Any CPU.ActiveCfg = Release|Any CPU
		{AA1C6F87-A8C4-46D8-BE42-938563DAE26A}.Release|Any CPU.Build.0 = Release|Any CPU
		{AA1C6F87-A8C4-46D8-BE42-938563DAE26A}.Release|Any CPU.Deploy.0 = Release|Any CPU
		{AA1C6F87-A8C4-46D8-BE42-938563DAE26A}.Release|ARM.ActiveCfg = Release|ARM
		{AA1C6F87-A8C4-46D8-BE42-938563DAE26A}.Release|ARM.Build.0 = Release|ARM
		{AA1C6F87-A8C4-46D8-BE42-938563DAE26A}.Release|ARM.Deploy.0 = Release|ARM
		{AA1C6F87-A8C4-46D8-BE42-938563DAE26A}.Release|ARM64.ActiveCfg = Release|ARM64
		{AA1C6F87-A8C4-46D8-BE42-938563DAE26A}.Release|ARM64.Build.0 = Release|ARM64
		{AA1C6F87-A8C4-46D8-BE42-938563DAE26A}.Release|ARM64.Deploy.0 = Release|ARM64
		{AA1C6F87-A8C4-46D8-BE42-938563DAE26A}.Release|x64.ActiveCfg = Release|x64
		{AA1C6F87-A8C4-46D8-BE42-938563DAE26A}.Release|x64.Build.0 = Release|x64
		{AA1C6F87-A8C4-46D8-BE42-938563DAE26A}.Release|x64.Deploy.0 = Release|x64
		{AA1C6F87-A8C4-46D8-BE42-938563DAE26A}.Release|x86.ActiveCfg = Release|x86
		{AA1C6F87-A8C4-46D8-BE42-938563DAE26A}.Release|x86.Build.0 = Release|x86
		{AA1C6F87-A8C4-46D8-BE42-938563DAE26A}.Release|x86.Deploy.0 = Release|x86
	EndGlobalSection
	GlobalSection(SolutionProperties) = preSolution
		HideSolutionNode = FALSE
	EndGlobalSection
	GlobalSection(ExtensibilityGlobals) = postSolution
		SolutionGuid = {97F19BE2-0233-46FA-96AE-29A0CA1547DE}
	EndGlobalSection
EndGlobal
